// !$*UTF8*$!
{
	archiveVersion = 1;
	classes = {
	};
	objectVersion = 46;
	objects = {

/* Begin PBXBuildFile section */
		B8F597801CE9D62D0090C9C3 /* main.m in Sources */ = {isa = PBXBuildFile; fileRef = B8F5977F1CE9D62D0090C9C3 /* main.m */; };
		B8F597831CE9D62D0090C9C3 /* AppDelegate.m in Sources */ = {isa = PBXBuildFile; fileRef = B8F597821CE9D62D0090C9C3 /* AppDelegate.m */; };
		B8F597861CE9D62D0090C9C3 /* ViewController.m in Sources */ = {isa = PBXBuildFile; fileRef = B8F597851CE9D62D0090C9C3 /* ViewController.m */; };
		B8F597891CE9D62D0090C9C3 /* Main.storyboard in Resources */ = {isa = PBXBuildFile; fileRef = B8F597871CE9D62D0090C9C3 /* Main.storyboard */; };
		B8F5978B1CE9D62D0090C9C3 /* Assets.xcassets in Resources */ = {isa = PBXBuildFile; fileRef = B8F5978A1CE9D62D0090C9C3 /* Assets.xcassets */; };
		B8F5978E1CE9D62D0090C9C3 /* LaunchScreen.storyboard in Resources */ = {isa = PBXBuildFile; fileRef = B8F5978C1CE9D62D0090C9C3 /* LaunchScreen.storyboard */; };
		B8F597971CE9D8840090C9C3 /* ViewDrawLine.m in Sources */ = {isa = PBXBuildFile; fileRef = B8F597961CE9D8840090C9C3 /* ViewDrawLine.m */; };
		B8F5979A1CE9DD800090C9C3 /* ViewFallingRain.m in Sources */ = {isa = PBXBuildFile; fileRef = B8F597991CE9DD800090C9C3 /* ViewFallingRain.m */; };
/* End PBXBuildFile section */

/* Begin PBXFileReference section */
		B8F5977B1CE9D62D0090C9C3 /* DrawLines.app */ = {isa = PBXFileReference; explicitFileType = wrapper.application; includeInIndex = 0; path = DrawLines.app; sourceTree = BUILT_PRODUCTS_DIR; };
		B8F5977F1CE9D62D0090C9C3 /* main.m */ = {isa = PBXFileReference; lastKnownFileType = sourcecode.c.objc; path = main.m; sourceTree = "<group>"; };
		B8F597811CE9D62D0090C9C3 /* AppDelegate.h */ = {isa = PBXFileReference; lastKnownFileType = sourcecode.c.h; path = AppDelegate.h; sourceTree = "<group>"; };
		B8F597821CE9D62D0090C9C3 /* AppDelegate.m */ = {isa = PBXFileReference; lastKnownFileType = sourcecode.c.objc; path = AppDelegate.m; sourceTree = "<group>"; };
		B8F597841CE9D62D0090C9C3 /* ViewController.h */ = {isa = PBXFileReference; lastKnownFileType = sourcecode.c.h; path = ViewController.h; sourceTree = "<group>"; };
		B8F597851CE9D62D0090C9C3 /* ViewController.m */ = {isa = PBXFileReference; lastKnownFileType = sourcecode.c.objc; path = ViewController.m; sourceTree = "<group>"; };
		B8F597881CE9D62D0090C9C3 /* Base */ = {isa = PBXFileReference; lastKnownFileType = file.storyboard; name = Base; path = Base.lproj/Main.storyboard; sourceTree = "<group>"; };
		B8F5978A1CE9D62D0090C9C3 /* Assets.xcassets */ = {isa = PBXFileReference; lastKnownFileType = folder.assetcatalog; path = Assets.xcassets; sourceTree = "<group>"; };
		B8F5978D1CE9D62D0090C9C3 /* Base */ = {isa = PBXFileReference; lastKnownFileType = file.storyboard; name = Base; path = Base.lproj/LaunchScreen.storyboard; sourceTree = "<group>"; };
		B8F5978F1CE9D62D0090C9C3 /* Info.plist */ = {isa = PBXFileReference; lastKnownFileType = text.plist.xml; path = Info.plist; sourceTree = "<group>"; };
		B8F597951CE9D8840090C9C3 /* ViewDrawLine.h */ = {isa = PBXFileReference; fileEncoding = 4; lastKnownFileType = sourcecode.c.h; path = ViewDrawLine.h; sourceTree = "<group>"; };
		B8F597961CE9D8840090C9C3 /* ViewDrawLine.m */ = {isa = PBXFileReference; fileEncoding = 4; lastKnownFileType = sourcecode.c.objc; path = ViewDrawLine.m; sourceTree = "<group>"; };
		B8F597981CE9DD800090C9C3 /* ViewFallingRain.h */ = {isa = PBXFileReference; fileEncoding = 4; lastKnownFileType = sourcecode.c.h; path = ViewFallingRain.h; sourceTree = "<group>"; };
		B8F597991CE9DD800090C9C3 /* ViewFallingRain.m */ = {isa = PBXFileReference; fileEncoding = 4; lastKnownFileType = sourcecode.c.objc; path = ViewFallingRain.m; sourceTree = "<group>"; };
/* End PBXFileReference section */

/* Begin PBXFrameworksBuildPhase section */
		B8F597781CE9D62D0090C9C3 /* Frameworks */ = {
			isa = PBXFrameworksBuildPhase;
			buildActionMask = 2147483647;
			files = (
			);
			runOnlyForDeploymentPostprocessing = 0;
		};
/* End PBXFrameworksBuildPhase section */

/* Begin PBXGroup section */
		B8F597721CE9D62D0090C9C3 = {
			isa = PBXGroup;
			children = (
				B8F5977D1CE9D62D0090C9C3 /* DrawLines */,
				B8F5977C1CE9D62D0090C9C3 /* Products */,
			);
			sourceTree = "<group>";
		};
		B8F5977C1CE9D62D0090C9C3 /* Products */ = {
			isa = PBXGroup;
			children = (
				B8F5977B1CE9D62D0090C9C3 /* DrawLines.app */,
			);
			name = Products;
			sourceTree = "<group>";
		};
		B8F5977D1CE9D62D0090C9C3 /* DrawLines */ = {
			isa = PBXGroup;
			children = (
				B8F597811CE9D62D0090C9C3 /* AppDelegate.h */,
				B8F597821CE9D62D0090C9C3 /* AppDelegate.m */,
				B8F597841CE9D62D0090C9C3 /* ViewController.h */,
				B8F597851CE9D62D0090C9C3 /* ViewController.m */,
				B8F597951CE9D8840090C9C3 /* ViewDrawLine.h */,
				B8F597961CE9D8840090C9C3 /* ViewDrawLine.m */,
				B8F597981CE9DD800090C9C3 /* ViewFallingRain.h */,
				B8F597991CE9DD800090C9C3 /* ViewFallingRain.m */,
				B8F597871CE9D62D0090C9C3 /* Main.storyboard */,
				B8F5978A1CE9D62D0090C9C3 /* Assets.xcassets */,
				B8F5978C1CE9D62D0090C9C3 /* LaunchScreen.storyboard */,
				B8F5978F1CE9D62D0090C9C3 /* Info.plist */,
				B8F5977E1CE9D62D0090C9C3 /* Supporting Files */,
			);
			path = DrawLines;
			sourceTree = "<group>";
		};
		B8F5977E1CE9D62D0090C9C3 /* Supporting Files */ = {
			isa = PBXGroup;
			children = (
				B8F5977F1CE9D62D0090C9C3 /* main.m */,
			);
			name = "Supporting Files";
			sourceTree = "<group>";
		};
/* End PBXGroup section */

/* Begin PBXNativeTarget section */
		B8F5977A1CE9D62D0090C9C3 /* DrawLines */ = {
			isa = PBXNativeTarget;
			buildConfigurationList = B8F597921CE9D62D0090C9C3 /* Build configuration list for PBXNativeTarget "DrawLines" */;
			buildPhases = (
				B8F597771CE9D62D0090C9C3 /* Sources */,
				B8F597781CE9D62D0090C9C3 /* Frameworks */,
				B8F597791CE9D62D0090C9C3 /* Resources */,
			);
			buildRules = (
			);
			dependencies = (
			);
			name = DrawLines;
			productName = DrawLines;
			productReference = B8F5977B1CE9D62D0090C9C3 /* DrawLines.app */;
			productType = "com.apple.product-type.application";
		};
/* End PBXNativeTarget section */

/* Begin PBXProject section */
		B8F597731CE9D62D0090C9C3 /* Project object */ = {
			isa = PBXProject;
			attributes = {
				LastUpgradeCheck = 0720;
				ORGANIZATIONNAME = hoangdangtrung;
				TargetAttributes = {
					B8F5977A1CE9D62D0090C9C3 = {
						CreatedOnToolsVersion = 7.2;
					};
				};
			};
			buildConfigurationList = B8F597761CE9D62D0090C9C3 /* Build configuration list for PBXProject "DrawLines" */;
			compatibilityVersion = "Xcode 3.2";
			developmentRegion = English;
			hasScannedForEncodings = 0;
			knownRegions = (
				en,
				Base,
			);
			mainGroup = B8F597721CE9D62D0090C9C3;
			productRefGroup = B8F5977C1CE9D62D0090C9C3 /* Products */;
			projectDirPath = "";
			projectRoot = "";
			targets = (
				B8F5977A1CE9D62D0090C9C3 /* DrawLines */,
			);
		};
/* End PBXProject section */

/* Begin PBXResourcesBuildPhase section */
		B8F597791CE9D62D0090C9C3 /* Resources */ = {
			isa = PBXResourcesBuildPhase;
			buildActionMask = 2147483647;
			files = (
				B8F5978E1CE9D62D0090C9C3 /* LaunchScreen.storyboard in Resources */,
				B8F5978B1CE9D62D0090C9C3 /* Assets.xcassets in Resources */,
				B8F597891CE9D62D0090C9C3 /* Main.storyboard in Resources */,
			);
			runOnlyForDeploymentPostprocessing = 0;
		};
/* End PBXResourcesBuildPhase section */

/* Begin PBXSourcesBuildPhase section */
		B8F597771CE9D62D0090C9C3 /* Sources */ = {
			isa = PBXSourcesBuildPhase;
			buildActionMask = 2147483647;
			files = (
				B8F597861CE9D62D0090C9C3 /* ViewController.m in Sources */,
				B8F597831CE9D62D0090C9C3 /* AppDelegate.m in Sources */,
				B8F597971CE9D8840090C9C3 /* ViewDrawLine.m in Sources */,
				B8F597801CE9D62D0090C9C3 /* main.m in Sources */,
				B8F5979A1CE9DD800090C9C3 /* ViewFallingRain.m in Sources */,
			);
			runOnlyForDeploymentPostprocessing = 0;
		};
/* End PBXSourcesBuildPhase section */

/* Begin PBXVariantGroup section */
		B8F597871CE9D62D0090C9C3 /* Main.storyboard */ = {
			isa = PBXVariantGroup;
			children = (
				B8F597881CE9D62D0090C9C3 /* Base */,
			);
			name = Main.storyboard;
			sourceTree = "<group>";
		};
		B8F5978C1CE9D62D0090C9C3 /* LaunchScreen.storyboard */ = {
			isa = PBXVariantGroup;
			children = (
				B8F5978D1CE9D62D0090C9C3 /* Base */,
			);
			name = LaunchScreen.storyboard;
			sourceTree = "<group>";
		};
/* End PBXVariantGroup section */

/* Begin XCBuildConfiguration section */
		B8F597901CE9D62D0090C9C3 /* Debug */ = {
			isa = XCBuildConfiguration;
			buildSettings = {
				ALWAYS_SEARCH_USER_PATHS = NO;
				CLANG_CXX_LANGUAGE_STANDARD = "gnu++0x";
				CLANG_CXX_LIBRARY = "libc++";
				CLANG_ENABLE_MODULES = YES;
				CLANG_ENABLE_OBJC_ARC = YES;
				CLANG_WARN_BOOL_CONVERSION = YES;
				CLANG_WARN_CONSTANT_CONVERSION = YES;
				CLANG_WARN_DIRECT_OBJC_ISA_USAGE = YES_ERROR;
				CLANG_WARN_EMPTY_BODY = YES;
				CLANG_WARN_ENUM_CONVERSION = YES;
				CLANG_WARN_INT_CONVERSION = YES;
				CLANG_WARN_OBJC_ROOT_CLASS = YES_ERROR;
				CLANG_WARN_UNREACHABLE_CODE = YES;
				CLANG_WARN__DUPLICATE_METHOD_MATCH = YES;
				"CODE_SIGN_IDENTITY[sdk=iphoneos*]" = "iPhone Developer";
				COPY_PHASE_STRIP = NO;
				DEBUG_INFORMATION_FORMAT = dwarf;
				ENABLE_STRICT_OBJC_MSGSEND = YES;
				ENABLE_TESTABILITY = YES;
				GCC_C_LANGUAGE_STANDARD = gnu99;
				GCC_DYNAMIC_NO_PIC = NO;
				GCC_NO_COMMON_BLOCKS = YES;
				GCC_OPTIMIZATION_LEVEL = 0;
				GCC_PREPROCESSOR_DEFINITIONS = (
					"DEBUG=1",
					"$(inherited)",
				);
				GCC_WARN_64_TO_32_BIT_CONVERSION = YES;
				GCC_WARN_ABOUT_RETURN_TYPE = YES_ERROR;
				GCC_WARN_UNDECLARED_SELECTOR = YES;
				GCC_WARN_UNINITIALIZED_AUTOS = YES_AGGRESSIVE;
				GCC_WARN_UNUSED_FUNCTION = YES;
				GCC_WARN_UNUSED_VARIABLE = YES;
				IPHONEOS_DEPLOYMENT_TARGET = 9.2;
				MTL_ENABLE_DEBUG_INFO = YES;
				ONLY_ACTIVE_ARCH = YES;
				SDKROOT = iphoneos;
				TARGETED_DEVICE_FAMILY = "1,2";
			};
			name = Debug;
		};
		B8F597911CE9D62D0090C9C3 /* Release */ = {
			isa = XCBuildConfiguration;
			buildSettings = {
				ALWAYS_SEARCH_USER_PATHS = NO;
				CLANG_CXX_LANGUAGE_STANDARD = "gnu++0x";
				CLANG_CXX_LIBRARY = "libc++";
				CLANG_ENABLE_MODULES = YES;
				CLANG_ENABLE_OBJC_ARC = YES;
				CLANG_WARN_BOOL_CONVERSION = YES;
				CLANG_WARN_CONSTANT_CONVERSION = YES;
				CLANG_WARN_DIRECT_OBJC_ISA_USAGE = YES_ERROR;
				CLANG_WARN_EMPTY_BODY = YES;
				CLANG_WARN_ENUM_CONVERSION = YES;
				CLANG_WARN_INT_CONVERSION = YES;
				CLANG_WARN_OBJC_ROOT_CLASS = YES_ERROR;
				CLANG_WARN_UNREACHABLE_CODE = YES;
				CLANG_WARN__DUPLICATE_METHOD_MATCH = YES;
				"CODE_SIGN_IDENTITY[sdk=iphoneos*]" = "iPhone Developer";
				COPY_PHASE_STRIP = NO;
				DEBUG_INFORMATION_FORMAT = "dwarf-with-dsym";
				ENABLE_NS_ASSERTIONS = NO;
				ENABLE_STRICT_OBJC_MSGSEND = YES;
				GCC_C_LANGUAGE_STANDARD = gnu99;
				GCC_NO_COMMON_BLOCKS = YES;
				GCC_WARN_64_TO_32_BIT_CONVERSION = YES;
				GCC_WARN_ABOUT_RETURN_TYPE = YES_ERROR;
				GCC_WARN_UNDECLARED_SELECTOR = YES;
				GCC_WARN_UNINITIALIZED_AUTOS = YES_AGGRESSIVE;
				GCC_WARN_UNUSED_FUNCTION = YES;
				GCC_WARN_UNUSED_VARIABLE = YES;
				IPHONEOS_DEPLOYMENT_TARGET = 9.2;
				MTL_ENABLE_DEBUG_INFO = NO;
				SDKROOT = iphoneos;
				TARGETED_DEVICE_FAMILY = "1,2";
				VALIDATE_PRODUCT = YES;
			};
			name = Release;
		};
		B8F597931CE9D62D0090C9C3 /* Debug */ = {
			isa = XCBuildConfiguration;
			buildSettings = {
				ASSETCATALOG_COMPILER_APPICON_NAME = AppIcon;
				INFOPLIST_FILE = DrawLines/Info.plist;
				LD_RUNPATH_SEARCH_PATHS = "$(inherited) @executable_path/Frameworks";
				PRODUCT_BUNDLE_IDENTIFIER = vn.techmaster.DrawLines;
				PRODUCT_NAME = "$(TARGET_NAME)";
			};
			name = Debug;
		};
		B8F597941CE9D62D0090C9C3 /* Release */ = {
			isa = XCBuildConfiguration;
			buildSettings = {
				ASSETCATALOG_COMPILER_APPICON_NAME = AppIcon;
				INFOPLIST_FILE = DrawLines/Info.plist;
				LD_RUNPATH_SEARCH_PATHS = "$(inherited) @executable_path/Frameworks";
				PRODUCT_BUNDLE_IDENTIFIER = vn.techmaster.DrawLines;
				PRODUCT_NAME = "$(TARGET_NAME)";
			};
			name = Release;
		};
/* End XCBuildConfiguration section */

/* Begin XCConfigurationList section */
		B8F597761CE9D62D0090C9C3 /* Build configuration list for PBXProject "DrawLines" */ = {
			isa = XCConfigurationList;
			buildConfigurations = (
				B8F597901CE9D62D0090C9C3 /* Debug */,
				B8F597911CE9D62D0090C9C3 /* Release */,
			);
			defaultConfigurationIsVisible = 0;
			defaultConfigurationName = Release;
		};
		B8F597921CE9D62D0090C9C3 /* Build configuration list for PBXNativeTarget "DrawLines" */ = {
			isa = XCConfigurationList;
			buildConfigurations = (
				B8F597931CE9D62D0090C9C3 /* Debug */,
				B8F597941CE9D62D0090C9C3 /* Release */,
			);
			defaultConfigurationIsVisible = 0;
		};
/* End XCConfigurationList section */
	};
	rootObject = B8F597731CE9D62D0090C9C3 /* Project object */;
}
