// !$*UTF8*$!
{
	archiveVersion = 1;
	classes = {
	};
	objectVersion = 46;
	objects = {

/* Begin PBXBuildFile section */
		B88CDE451CEAB1D000FA4FA0 /* main.m in Sources */ = {isa = PBXBuildFile; fileRef = B88CDE441CEAB1D000FA4FA0 /* main.m */; };
		B88CDE481CEAB1D000FA4FA0 /* AppDelegate.m in Sources */ = {isa = PBXBuildFile; fileRef = B88CDE471CEAB1D000FA4FA0 /* AppDelegate.m */; };
		B88CDE4B1CEAB1D000FA4FA0 /* ViewController.m in Sources */ = {isa = PBXBuildFile; fileRef = B88CDE4A1CEAB1D000FA4FA0 /* ViewController.m */; };
		B88CDE4E1CEAB1D000FA4FA0 /* Main.storyboard in Resources */ = {isa = PBXBuildFile; fileRef = B88CDE4C1CEAB1D000FA4FA0 /* Main.storyboard */; };
		B88CDE501CEAB1D100FA4FA0 /* Assets.xcassets in Resources */ = {isa = PBXBuildFile; fileRef = B88CDE4F1CEAB1D100FA4FA0 /* Assets.xcassets */; };
		B88CDE531CEAB1D100FA4FA0 /* LaunchScreen.storyboard in Resources */ = {isa = PBXBuildFile; fileRef = B88CDE511CEAB1D100FA4FA0 /* LaunchScreen.storyboard */; };
		B88CDE601CEAB1F200FA4FA0 /* ViewControlPoint.m in Sources */ = {isa = PBXBuildFile; fileRef = B88CDE5B1CEAB1F200FA4FA0 /* ViewControlPoint.m */; };
		B88CDE611CEAB1F200FA4FA0 /* ViewCubicBezierCurve.m in Sources */ = {isa = PBXBuildFile; fileRef = B88CDE5D1CEAB1F200FA4FA0 /* ViewCubicBezierCurve.m */; };
		B88CDE621CEAB1F200FA4FA0 /* ViewQuadraticBezierCurve.m in Sources */ = {isa = PBXBuildFile; fileRef = B88CDE5F1CEAB1F200FA4FA0 /* ViewQuadraticBezierCurve.m */; };
/* End PBXBuildFile section */

/* Begin PBXFileReference section */
		B88CDE401CEAB1D000FA4FA0 /* 4.BezierCurve.app */ = {isa = PBXFileReference; explicitFileType = wrapper.application; includeInIndex = 0; path = 4.BezierCurve.app; sourceTree = BUILT_PRODUCTS_DIR; };
		B88CDE441CEAB1D000FA4FA0 /* main.m */ = {isa = PBXFileReference; lastKnownFileType = sourcecode.c.objc; path = main.m; sourceTree = "<group>"; };
		B88CDE461CEAB1D000FA4FA0 /* AppDelegate.h */ = {isa = PBXFileReference; lastKnownFileType = sourcecode.c.h; path = AppDelegate.h; sourceTree = "<group>"; };
		B88CDE471CEAB1D000FA4FA0 /* AppDelegate.m */ = {isa = PBXFileReference; lastKnownFileType = sourcecode.c.objc; path = AppDelegate.m; sourceTree = "<group>"; };
		B88CDE491CEAB1D000FA4FA0 /* ViewController.h */ = {isa = PBXFileReference; lastKnownFileType = sourcecode.c.h; path = ViewController.h; sourceTree = "<group>"; };
		B88CDE4A1CEAB1D000FA4FA0 /* ViewController.m */ = {isa = PBXFileReference; lastKnownFileType = sourcecode.c.objc; path = ViewController.m; sourceTree = "<group>"; };
		B88CDE4D1CEAB1D000FA4FA0 /* Base */ = {isa = PBXFileReference; lastKnownFileType = file.storyboard; name = Base; path = Base.lproj/Main.storyboard; sourceTree = "<group>"; };
		B88CDE4F1CEAB1D100FA4FA0 /* Assets.xcassets */ = {isa = PBXFileReference; lastKnownFileType = folder.assetcatalog; path = Assets.xcassets; sourceTree = "<group>"; };
		B88CDE521CEAB1D100FA4FA0 /* Base */ = {isa = PBXFileReference; lastKnownFileType = file.storyboard; name = Base; path = Base.lproj/LaunchScreen.storyboard; sourceTree = "<group>"; };
		B88CDE541CEAB1D100FA4FA0 /* Info.plist */ = {isa = PBXFileReference; lastKnownFileType = text.plist.xml; path = Info.plist; sourceTree = "<group>"; };
		B88CDE5A1CEAB1F200FA4FA0 /* ViewControlPoint.h */ = {isa = PBXFileReference; fileEncoding = 4; lastKnownFileType = sourcecode.c.h; path = ViewControlPoint.h; sourceTree = "<group>"; };
		B88CDE5B1CEAB1F200FA4FA0 /* ViewControlPoint.m */ = {isa = PBXFileReference; fileEncoding = 4; lastKnownFileType = sourcecode.c.objc; path = ViewControlPoint.m; sourceTree = "<group>"; };
		B88CDE5C1CEAB1F200FA4FA0 /* ViewCubicBezierCurve.h */ = {isa = PBXFileReference; fileEncoding = 4; lastKnownFileType = sourcecode.c.h; path = ViewCubicBezierCurve.h; sourceTree = "<group>"; };
		B88CDE5D1CEAB1F200FA4FA0 /* ViewCubicBezierCurve.m */ = {isa = PBXFileReference; fileEncoding = 4; lastKnownFileType = sourcecode.c.objc; path = ViewCubicBezierCurve.m; sourceTree = "<group>"; };
		B88CDE5E1CEAB1F200FA4FA0 /* ViewQuadraticBezierCurve.h */ = {isa = PBXFileReference; fileEncoding = 4; lastKnownFileType = sourcecode.c.h; path = ViewQuadraticBezierCurve.h; sourceTree = "<group>"; };
		B88CDE5F1CEAB1F200FA4FA0 /* ViewQuadraticBezierCurve.m */ = {isa = PBXFileReference; fileEncoding = 4; lastKnownFileType = sourcecode.c.objc; path = ViewQuadraticBezierCurve.m; sourceTree = "<group>"; };
/* End PBXFileReference section */

/* Begin PBXFrameworksBuildPhase section */
		B88CDE3D1CEAB1D000FA4FA0 /* Frameworks */ = {
			isa = PBXFrameworksBuildPhase;
			buildActionMask = 2147483647;
			files = (
			);
			runOnlyForDeploymentPostprocessing = 0;
		};
/* End PBXFrameworksBuildPhase section */

/* Begin PBXGroup section */
		B88CDE371CEAB1D000FA4FA0 = {
			isa = PBXGroup;
			children = (
				B88CDE421CEAB1D000FA4FA0 /* 4.BezierCurve */,
				B88CDE411CEAB1D000FA4FA0 /* Products */,
			);
			sourceTree = "<group>";
		};
		B88CDE411CEAB1D000FA4FA0 /* Products */ = {
			isa = PBXGroup;
			children = (
				B88CDE401CEAB1D000FA4FA0 /* 4.BezierCurve.app */,
			);
			name = Products;
			sourceTree = "<group>";
		};
		B88CDE421CEAB1D000FA4FA0 /* 4.BezierCurve */ = {
			isa = PBXGroup;
			children = (
				B88CDE461CEAB1D000FA4FA0 /* AppDelegate.h */,
				B88CDE471CEAB1D000FA4FA0 /* AppDelegate.m */,
				B88CDE491CEAB1D000FA4FA0 /* ViewController.h */,
				B88CDE4A1CEAB1D000FA4FA0 /* ViewController.m */,
				B88CDE5E1CEAB1F200FA4FA0 /* ViewQuadraticBezierCurve.h */,
				B88CDE5F1CEAB1F200FA4FA0 /* ViewQuadraticBezierCurve.m */,
				B88CDE5C1CEAB1F200FA4FA0 /* ViewCubicBezierCurve.h */,
				B88CDE5D1CEAB1F200FA4FA0 /* ViewCubicBezierCurve.m */,
				B88CDE5A1CEAB1F200FA4FA0 /* ViewControlPoint.h */,
				B88CDE5B1CEAB1F200FA4FA0 /* ViewControlPoint.m */,
				B88CDE4C1CEAB1D000FA4FA0 /* Main.storyboard */,
				B88CDE4F1CEAB1D100FA4FA0 /* Assets.xcassets */,
				B88CDE511CEAB1D100FA4FA0 /* LaunchScreen.storyboard */,
				B88CDE541CEAB1D100FA4FA0 /* Info.plist */,
				B88CDE431CEAB1D000FA4FA0 /* Supporting Files */,
			);
			path = 4.BezierCurve;
			sourceTree = "<group>";
		};
		B88CDE431CEAB1D000FA4FA0 /* Supporting Files */ = {
			isa = PBXGroup;
			children = (
				B88CDE441CEAB1D000FA4FA0 /* main.m */,
			);
			name = "Supporting Files";
			sourceTree = "<group>";
		};
/* End PBXGroup section */

/* Begin PBXNativeTarget section */
		B88CDE3F1CEAB1D000FA4FA0 /* 4.BezierCurve */ = {
			isa = PBXNativeTarget;
			buildConfigurationList = B88CDE571CEAB1D100FA4FA0 /* Build configuration list for PBXNativeTarget "4.BezierCurve" */;
			buildPhases = (
				B88CDE3C1CEAB1D000FA4FA0 /* Sources */,
				B88CDE3D1CEAB1D000FA4FA0 /* Frameworks */,
				B88CDE3E1CEAB1D000FA4FA0 /* Resources */,
			);
			buildRules = (
			);
			dependencies = (
			);
			name = 4.BezierCurve;
			productName = 4.BezierCurve;
			productReference = B88CDE401CEAB1D000FA4FA0 /* 4.BezierCurve.app */;
			productType = "com.apple.product-type.application";
		};
/* End PBXNativeTarget section */

/* Begin PBXProject section */
		B88CDE381CEAB1D000FA4FA0 /* Project object */ = {
			isa = PBXProject;
			attributes = {
				LastUpgradeCheck = 0720;
				ORGANIZATIONNAME = hoangdangtrung;
				TargetAttributes = {
					B88CDE3F1CEAB1D000FA4FA0 = {
						CreatedOnToolsVersion = 7.2;
					};
				};
			};
			buildConfigurationList = B88CDE3B1CEAB1D000FA4FA0 /* Build configuration list for PBXProject "4.BezierCurve" */;
			compatibilityVersion = "Xcode 3.2";
			developmentRegion = English;
			hasScannedForEncodings = 0;
			knownRegions = (
				en,
				Base,
			);
			mainGroup = B88CDE371CEAB1D000FA4FA0;
			productRefGroup = B88CDE411CEAB1D000FA4FA0 /* Products */;
			projectDirPath = "";
			projectRoot = "";
			targets = (
				B88CDE3F1CEAB1D000FA4FA0 /* 4.BezierCurve */,
			);
		};
/* End PBXProject section */

/* Begin PBXResourcesBuildPhase section */
		B88CDE3E1CEAB1D000FA4FA0 /* Resources */ = {
			isa = PBXResourcesBuildPhase;
			buildActionMask = 2147483647;
			files = (
				B88CDE531CEAB1D100FA4FA0 /* LaunchScreen.storyboard in Resources */,
				B88CDE501CEAB1D100FA4FA0 /* Assets.xcassets in Resources */,
				B88CDE4E1CEAB1D000FA4FA0 /* Main.storyboard in Resources */,
			);
			runOnlyForDeploymentPostprocessing = 0;
		};
/* End PBXResourcesBuildPhase section */

/* Begin PBXSourcesBuildPhase section */
		B88CDE3C1CEAB1D000FA4FA0 /* Sources */ = {
			isa = PBXSourcesBuildPhase;
			buildActionMask = 2147483647;
			files = (
				B88CDE621CEAB1F200FA4FA0 /* ViewQuadraticBezierCurve.m in Sources */,
				B88CDE4B1CEAB1D000FA4FA0 /* ViewController.m in Sources */,
				B88CDE481CEAB1D000FA4FA0 /* AppDelegate.m in Sources */,
				B88CDE611CEAB1F200FA4FA0 /* ViewCubicBezierCurve.m in Sources */,
				B88CDE451CEAB1D000FA4FA0 /* main.m in Sources */,
				B88CDE601CEAB1F200FA4FA0 /* ViewControlPoint.m in Sources */,
			);
			runOnlyForDeploymentPostprocessing = 0;
		};
/* End PBXSourcesBuildPhase section */

/* Begin PBXVariantGroup section */
		B88CDE4C1CEAB1D000FA4FA0 /* Main.storyboard */ = {
			isa = PBXVariantGroup;
			children = (
				B88CDE4D1CEAB1D000FA4FA0 /* Base */,
			);
			name = Main.storyboard;
			sourceTree = "<group>";
		};
		B88CDE511CEAB1D100FA4FA0 /* LaunchScreen.storyboard */ = {
			isa = PBXVariantGroup;
			children = (
				B88CDE521CEAB1D100FA4FA0 /* Base */,
			);
			name = LaunchScreen.storyboard;
			sourceTree = "<group>";
		};
/* End PBXVariantGroup section */

/* Begin XCBuildConfiguration section */
		B88CDE551CEAB1D100FA4FA0 /* Debug */ = {
			isa = XCBuildConfiguration;
			buildSettings = {
				ALWAYS_SEARCH_USER_PATHS = NO;
				CLANG_CXX_LANGUAGE_STANDARD = "gnu++0x";
				CLANG_CXX_LIBRARY = "libc++";
				CLANG_ENABLE_MODULES = YES;
				CLANG_ENABLE_OBJC_ARC = YES;
				CLANG_WARN_BOOL_CONVERSION = YES;
				CLANG_WARN_CONSTANT_CONVERSION = YES;
				CLANG_WARN_DIRECT_OBJC_ISA_USAGE = YES_ERROR;
				CLANG_WARN_EMPTY_BODY = YES;
				CLANG_WARN_ENUM_CONVERSION = YES;
				CLANG_WARN_INT_CONVERSION = YES;
				CLANG_WARN_OBJC_ROOT_CLASS = YES_ERROR;
				CLANG_WARN_UNREACHABLE_CODE = YES;
				CLANG_WARN__DUPLICATE_METHOD_MATCH = YES;
				"CODE_SIGN_IDENTITY[sdk=iphoneos*]" = "iPhone Developer";
				COPY_PHASE_STRIP = NO;
				DEBUG_INFORMATION_FORMAT = dwarf;
				ENABLE_STRICT_OBJC_MSGSEND = YES;
				ENABLE_TESTABILITY = YES;
				GCC_C_LANGUAGE_STANDARD = gnu99;
				GCC_DYNAMIC_NO_PIC = NO;
				GCC_NO_COMMON_BLOCKS = YES;
				GCC_OPTIMIZATION_LEVEL = 0;
				GCC_PREPROCESSOR_DEFINITIONS = (
					"DEBUG=1",
					"$(inherited)",
				);
				GCC_WARN_64_TO_32_BIT_CONVERSION = YES;
				GCC_WARN_ABOUT_RETURN_TYPE = YES_ERROR;
				GCC_WARN_UNDECLARED_SELECTOR = YES;
				GCC_WARN_UNINITIALIZED_AUTOS = YES_AGGRESSIVE;
				GCC_WARN_UNUSED_FUNCTION = YES;
				GCC_WARN_UNUSED_VARIABLE = YES;
				IPHONEOS_DEPLOYMENT_TARGET = 9.2;
				MTL_ENABLE_DEBUG_INFO = YES;
				ONLY_ACTIVE_ARCH = YES;
				SDKROOT = iphoneos;
				TARGETED_DEVICE_FAMILY = "1,2";
			};
			name = Debug;
		};
		B88CDE561CEAB1D100FA4FA0 /* Release */ = {
			isa = XCBuildConfiguration;
			buildSettings = {
				ALWAYS_SEARCH_USER_PATHS = NO;
				CLANG_CXX_LANGUAGE_STANDARD = "gnu++0x";
				CLANG_CXX_LIBRARY = "libc++";
				CLANG_ENABLE_MODULES = YES;
				CLANG_ENABLE_OBJC_ARC = YES;
				CLANG_WARN_BOOL_CONVERSION = YES;
				CLANG_WARN_CONSTANT_CONVERSION = YES;
				CLANG_WARN_DIRECT_OBJC_ISA_USAGE = YES_ERROR;
				CLANG_WARN_EMPTY_BODY = YES;
				CLANG_WARN_ENUM_CONVERSION = YES;
				CLANG_WARN_INT_CONVERSION = YES;
				CLANG_WARN_OBJC_ROOT_CLASS = YES_ERROR;
				CLANG_WARN_UNREACHABLE_CODE = YES;
				CLANG_WARN__DUPLICATE_METHOD_MATCH = YES;
				"CODE_SIGN_IDENTITY[sdk=iphoneos*]" = "iPhone Developer";
				COPY_PHASE_STRIP = NO;
				DEBUG_INFORMATION_FORMAT = "dwarf-with-dsym";
				ENABLE_NS_ASSERTIONS = NO;
				ENABLE_STRICT_OBJC_MSGSEND = YES;
				GCC_C_LANGUAGE_STANDARD = gnu99;
				GCC_NO_COMMON_BLOCKS = YES;
				GCC_WARN_64_TO_32_BIT_CONVERSION = YES;
				GCC_WARN_ABOUT_RETURN_TYPE = YES_ERROR;
				GCC_WARN_UNDECLARED_SELECTOR = YES;
				GCC_WARN_UNINITIALIZED_AUTOS = YES_AGGRESSIVE;
				GCC_WARN_UNUSED_FUNCTION = YES;
				GCC_WARN_UNUSED_VARIABLE = YES;
				IPHONEOS_DEPLOYMENT_TARGET = 9.2;
				MTL_ENABLE_DEBUG_INFO = NO;
				SDKROOT = iphoneos;
				TARGETED_DEVICE_FAMILY = "1,2";
				VALIDATE_PRODUCT = YES;
			};
			name = Release;
		};
		B88CDE581CEAB1D100FA4FA0 /* Debug */ = {
			isa = XCBuildConfiguration;
			buildSettings = {
				ASSETCATALOG_COMPILER_APPICON_NAME = AppIcon;
				INFOPLIST_FILE = 4.BezierCurve/Info.plist;
				LD_RUNPATH_SEARCH_PATHS = "$(inherited) @executable_path/Frameworks";
				PRODUCT_BUNDLE_IDENTIFIER = "vn.techmaster.--BezierCurve";
				PRODUCT_NAME = "$(TARGET_NAME)";
			};
			name = Debug;
		};
		B88CDE591CEAB1D100FA4FA0 /* Release */ = {
			isa = XCBuildConfiguration;
			buildSettings = {
				ASSETCATALOG_COMPILER_APPICON_NAME = AppIcon;
				INFOPLIST_FILE = 4.BezierCurve/Info.plist;
				LD_RUNPATH_SEARCH_PATHS = "$(inherited) @executable_path/Frameworks";
				PRODUCT_BUNDLE_IDENTIFIER = "vn.techmaster.--BezierCurve";
				PRODUCT_NAME = "$(TARGET_NAME)";
			};
			name = Release;
		};
/* End XCBuildConfiguration section */

/* Begin XCConfigurationList section */
		B88CDE3B1CEAB1D000FA4FA0 /* Build configuration list for PBXProject "4.BezierCurve" */ = {
			isa = XCConfigurationList;
			buildConfigurations = (
				B88CDE551CEAB1D100FA4FA0 /* Debug */,
				B88CDE561CEAB1D100FA4FA0 /* Release */,
			);
			defaultConfigurationIsVisible = 0;
			defaultConfigurationName = Release;
		};
		B88CDE571CEAB1D100FA4FA0 /* Build configuration list for PBXNativeTarget "4.BezierCurve" */ = {
			isa = XCConfigurationList;
			buildConfigurations = (
				B88CDE581CEAB1D100FA4FA0 /* Debug */,
				B88CDE591CEAB1D100FA4FA0 /* Release */,
			);
			defaultConfigurationIsVisible = 0;
		};
/* End XCConfigurationList section */
	};
	rootObject = B88CDE381CEAB1D000FA4FA0 /* Project object */;
}
